
Microsoft Visual Studio Solution File, Format Version 12.00
# Visual Studio Version 16
VisualStudioVersion = 16.0.30114.105
MinimumVisualStudioVersion = 10.0.40219.1
Project("{FAE04EC0-301F-11D3-BF4B-00C04F79EFBC}") = "API", "API\API.csproj", "{FEA6F563-D47D-42D1-93DD-3E9BD02F891D}"
EndProject
Project("{FAE04EC0-301F-11D3-BF4B-00C04F79EFBC}") = "Database", "Database\Database.csproj", "{2079EF2D-2C8B-4227-8719-21223633D72F}"
EndProject
Project("{FAE04EC0-301F-11D3-BF4B-00C04F79EFBC}") = "Models", "Models\Models.csproj", "{5AD704D5-3314-47D5-8B9B-EC1E4C4B81E4}"
EndProject
Project("{FAE04EC0-301F-11D3-BF4B-00C04F79EFBC}") = "Providers", "Providers\Providers.csproj", "{FCC3D41D-7839-4D45-B2B6-9AAC3BFC1557}"
EndProject
Project("{FAE04EC0-301F-11D3-BF4B-00C04F79EFBC}") = "Services", "Services\Services.csproj", "{FF5CEC5A-9F63-4E13-AEA6-54777BD48318}"
EndProject
Global
	GlobalSection(SolutionConfigurationPlatforms) = preSolution
		Debug|Any CPU = Debug|Any CPU
		Release|Any CPU = Release|Any CPU
	EndGlobalSection
	GlobalSection(SolutionProperties) = preSolution
		HideSolutionNode = FALSE
	EndGlobalSection
	GlobalSection(ProjectConfigurationPlatforms) = postSolution
		{FEA6F563-D47D-42D1-93DD-3E9BD02F891D}.Debug|Any CPU.ActiveCfg = Debug|Any CPU
		{FEA6F563-D47D-42D1-93DD-3E9BD02F891D}.Debug|Any CPU.Build.0 = Debug|Any CPU
		{FEA6F563-D47D-42D1-93DD-3E9BD02F891D}.Release|Any CPU.ActiveCfg = Release|Any CPU
		{FEA6F563-D47D-42D1-93DD-3E9BD02F891D}.Release|Any CPU.Build.0 = Release|Any CPU
		{2079EF2D-2C8B-4227-8719-21223633D72F}.Debug|Any CPU.ActiveCfg = Debug|Any CPU
		{2079EF2D-2C8B-4227-8719-21223633D72F}.Debug|Any CPU.Build.0 = Debug|Any CPU
		{2079EF2D-2C8B-4227-8719-21223633D72F}.Release|Any CPU.ActiveCfg = Release|Any CPU
		{2079EF2D-2C8B-4227-8719-21223633D72F}.Release|Any CPU.Build.0 = Release|Any CPU
		{5AD704D5-3314-47D5-8B9B-EC1E4C4B81E4}.Debug|Any CPU.ActiveCfg = Debug|Any CPU
		{5AD704D5-3314-47D5-8B9B-EC1E4C4B81E4}.Debug|Any CPU.Build.0 = Debug|Any CPU
		{5AD704D5-3314-47D5-8B9B-EC1E4C4B81E4}.Release|Any CPU.ActiveCfg = Release|Any CPU
		{5AD704D5-3314-47D5-8B9B-EC1E4C4B81E4}.Release|Any CPU.Build.0 = Release|Any CPU
		{FCC3D41D-7839-4D45-B2B6-9AAC3BFC1557}.Debug|Any CPU.ActiveCfg = Debug|Any CPU
		{FCC3D41D-7839-4D45-B2B6-9AAC3BFC1557}.Debug|Any CPU.Build.0 = Debug|Any CPU
		{FCC3D41D-7839-4D45-B2B6-9AAC3BFC1557}.Release|Any CPU.ActiveCfg = Release|Any CPU
		{FCC3D41D-7839-4D45-B2B6-9AAC3BFC1557}.Release|Any CPU.Build.0 = Release|Any CPU
		{FF5CEC5A-9F63-4E13-AEA6-54777BD48318}.Debug|Any CPU.ActiveCfg = Debug|Any CPU
		{FF5CEC5A-9F63-4E13-AEA6-54777BD48318}.Debug|Any CPU.Build.0 = Debug|Any CPU
		{FF5CEC5A-9F63-4E13-AEA6-54777BD48318}.Release|Any CPU.ActiveCfg = Release|Any CPU
		{FF5CEC5A-9F63-4E13-AEA6-54777BD48318}.Release|Any CPU.Build.0 = Release|Any CPU
	EndGlobalSection
EndGlobal
